// !$*UTF8*$!
{
	archiveVersion = 1;
	classes = {
	};
	objectVersion = 50;
	objects = {

/* Begin PBXBuildFile section */
		49A16386EED28D401EC289A6 /* MainCurrenciesController.swift in Sources */ = {isa = PBXBuildFile; fileRef = 49A16705141FDD260F62AF26 /* MainCurrenciesController.swift */; };
		5A2F3A30637EF8B35645CA31 /* Pods_Stock_App.framework in Frameworks */ = {isa = PBXBuildFile; fileRef = B583595EF11E4FC436EE022D /* Pods_Stock_App.framework */; };
		AA21538821ADD80600BDF69C /* PoloniexAPIHelper.swift in Sources */ = {isa = PBXBuildFile; fileRef = AA21538721ADD80600BDF69C /* PoloniexAPIHelper.swift */; };
		AA21538A21ADD9C900BDF69C /* Coin.swift in Sources */ = {isa = PBXBuildFile; fileRef = AA21538921ADD9C900BDF69C /* Coin.swift */; };
		AA46153521B7AC9F005E093E /* CoinDetailsViewController.swift in Sources */ = {isa = PBXBuildFile; fileRef = AA46153421B7AC9F005E093E /* CoinDetailsViewController.swift */; };
		AA46153721B7AFF7005E093E /* DetailCoinCollectionViewCell.swift in Sources */ = {isa = PBXBuildFile; fileRef = AA46153621B7AFF7005E093E /* DetailCoinCollectionViewCell.swift */; };
		AA46153921B7B065005E093E /* ShadowCollectionViewCellBase.swift in Sources */ = {isa = PBXBuildFile; fileRef = AA46153821B7B065005E093E /* ShadowCollectionViewCellBase.swift */; };
		AA46153B21B7BD1B005E093E /* MMddDateFormatter.swift in Sources */ = {isa = PBXBuildFile; fileRef = AA46153A21B7BD1B005E093E /* MMddDateFormatter.swift */; };
		AA46153D21B809D0005E093E /* DetailCoinControllerHeader.swift in Sources */ = {isa = PBXBuildFile; fileRef = AA46153C21B809D0005E093E /* DetailCoinControllerHeader.swift */; };
		AA51A92221AB450F00A8A83F /* LabelWithInsets.swift in Sources */ = {isa = PBXBuildFile; fileRef = AA51A92121AB450F00A8A83F /* LabelWithInsets.swift */; };
		AA51A92421AB593400A8A83F /* CharacterExtension.swift in Sources */ = {isa = PBXBuildFile; fileRef = AA51A92321AB593400A8A83F /* CharacterExtension.swift */; };
		AA51A92621AC120C00A8A83F /* MakeSafeUrl.swift in Sources */ = {isa = PBXBuildFile; fileRef = AA51A92521AC120C00A8A83F /* MakeSafeUrl.swift */; };
		AA6ED2E121B6CE4D006F4411 /* ChartXAxisValueFormatter.swift in Sources */ = {isa = PBXBuildFile; fileRef = AA6ED2E021B6CE4D006F4411 /* ChartXAxisValueFormatter.swift */; };
		AA6ED2E321B6D3E3006F4411 /* CoinSearchCollectionViewController.swift in Sources */ = {isa = PBXBuildFile; fileRef = AA6ED2E221B6D3E3006F4411 /* CoinSearchCollectionViewController.swift */; };
		AA6ED2E521B6D4DE006F4411 /* FlatCurrencyCollectionViewCell.swift in Sources */ = {isa = PBXBuildFile; fileRef = AA6ED2E421B6D4DE006F4411 /* FlatCurrencyCollectionViewCell.swift */; };
		AA6ED2E721B6D69E006F4411 /* ClearConstraints.swift in Sources */ = {isa = PBXBuildFile; fileRef = AA6ED2E621B6D69E006F4411 /* ClearConstraints.swift */; };
		AA71064721AB067D0036067D /* AppDelegate.swift in Sources */ = {isa = PBXBuildFile; fileRef = AA71064621AB067D0036067D /* AppDelegate.swift */; };
		AA71064C21AB067D0036067D /* Main.storyboard in Resources */ = {isa = PBXBuildFile; fileRef = AA71064A21AB067D0036067D /* Main.storyboard */; };
		AA71064F21AB067D0036067D /* Stock_App.xcdatamodeld in Sources */ = {isa = PBXBuildFile; fileRef = AA71064D21AB067D0036067D /* Stock_App.xcdatamodeld */; };
		AA71065121AB067F0036067D /* Assets.xcassets in Resources */ = {isa = PBXBuildFile; fileRef = AA71065021AB067F0036067D /* Assets.xcassets */; };
		AA71065421AB067F0036067D /* LaunchScreen.storyboard in Resources */ = {isa = PBXBuildFile; fileRef = AA71065221AB067F0036067D /* LaunchScreen.storyboard */; };
		AA71065C21AB08690036067D /* NewsItem.swift in Sources */ = {isa = PBXBuildFile; fileRef = AA71065B21AB08690036067D /* NewsItem.swift */; };
		AAB1579821AB237E0048966A /* NewsCollectionViewCell.swift in Sources */ = {isa = PBXBuildFile; fileRef = AAB1579721AB237E0048966A /* NewsCollectionViewCell.swift */; };
		AAB1579E21AB23CF0048966A /* Anchoring.swift in Sources */ = {isa = PBXBuildFile; fileRef = AAB1579D21AB23CF0048966A /* Anchoring.swift */; };
		AAB157A021AB240C0048966A /* NewsCollectionViewController.swift in Sources */ = {isa = PBXBuildFile; fileRef = AAB1579F21AB240C0048966A /* NewsCollectionViewController.swift */; };
		AAB157A221AB250E0048966A /* CommonTabBarController.swift in Sources */ = {isa = PBXBuildFile; fileRef = AAB157A121AB250E0048966A /* CommonTabBarController.swift */; };
		AAB157A421AB26B40048966A /* ShadowView.swift in Sources */ = {isa = PBXBuildFile; fileRef = AAB157A321AB26B40048966A /* ShadowView.swift */; };
		AAB157A621AB27940048966A /* Colors.swift in Sources */ = {isa = PBXBuildFile; fileRef = AAB157A521AB27940048966A /* Colors.swift */; };
		AAB157A921AB316B0048966A /* APIHelper.swift in Sources */ = {isa = PBXBuildFile; fileRef = AAB157A821AB316B0048966A /* APIHelper.swift */; };
		AAB157AB21AB37A50048966A /* ImageDownloading.swift in Sources */ = {isa = PBXBuildFile; fileRef = AAB157AA21AB37A50048966A /* ImageDownloading.swift */; };
		AAE7FF4921B433E600CDD1A6 /* CurrencyCollectionViewCell.swift in Sources */ = {isa = PBXBuildFile; fileRef = AAE7FF4821B433E500CDD1A6 /* CurrencyCollectionViewCell.swift */; };
		AAE7FF4B21B43C0600CDD1A6 /* CoinsNames.swift in Sources */ = {isa = PBXBuildFile; fileRef = AAE7FF4A21B43C0600CDD1A6 /* CoinsNames.swift */; };
		AAE7FF4D21B43E0F00CDD1A6 /* CurrentTimeStamp.swift in Sources */ = {isa = PBXBuildFile; fileRef = AAE7FF4C21B43E0F00CDD1A6 /* CurrentTimeStamp.swift */; };
/* End PBXBuildFile section */

/* Begin PBXFileReference section */
		22A549A448995DCFDD0FAF36 /* Pods-Stock App.debug.xcconfig */ = {isa = PBXFileReference; includeInIndex = 1; lastKnownFileType = text.xcconfig; name = "Pods-Stock App.debug.xcconfig"; path = "Pods/Target Support Files/Pods-Stock App/Pods-Stock App.debug.xcconfig"; sourceTree = "<group>"; };
		397AC6BC3833AF3B8AC732F4 /* Pods-Stock App.release.xcconfig */ = {isa = PBXFileReference; includeInIndex = 1; lastKnownFileType = text.xcconfig; name = "Pods-Stock App.release.xcconfig"; path = "Pods/Target Support Files/Pods-Stock App/Pods-Stock App.release.xcconfig"; sourceTree = "<group>"; };
		49A16705141FDD260F62AF26 /* MainCurrenciesController.swift */ = {isa = PBXFileReference; fileEncoding = 4; lastKnownFileType = sourcecode.swift; path = MainCurrenciesController.swift; sourceTree = "<group>"; };
		AA21538721ADD80600BDF69C /* PoloniexAPIHelper.swift */ = {isa = PBXFileReference; lastKnownFileType = sourcecode.swift; path = PoloniexAPIHelper.swift; sourceTree = "<group>"; };
		AA21538921ADD9C900BDF69C /* Coin.swift */ = {isa = PBXFileReference; lastKnownFileType = sourcecode.swift; path = Coin.swift; sourceTree = "<group>"; };
		AA46153421B7AC9F005E093E /* CoinDetailsViewController.swift */ = {isa = PBXFileReference; lastKnownFileType = sourcecode.swift; path = CoinDetailsViewController.swift; sourceTree = "<group>"; };
		AA46153621B7AFF7005E093E /* DetailCoinCollectionViewCell.swift */ = {isa = PBXFileReference; lastKnownFileType = sourcecode.swift; path = DetailCoinCollectionViewCell.swift; sourceTree = "<group>"; };
		AA46153821B7B065005E093E /* ShadowCollectionViewCellBase.swift */ = {isa = PBXFileReference; lastKnownFileType = sourcecode.swift; path = ShadowCollectionViewCellBase.swift; sourceTree = "<group>"; };
		AA46153A21B7BD1B005E093E /* MMddDateFormatter.swift */ = {isa = PBXFileReference; lastKnownFileType = sourcecode.swift; path = MMddDateFormatter.swift; sourceTree = "<group>"; };
		AA46153C21B809D0005E093E /* DetailCoinControllerHeader.swift */ = {isa = PBXFileReference; lastKnownFileType = sourcecode.swift; path = DetailCoinControllerHeader.swift; sourceTree = "<group>"; };
		AA51A92121AB450F00A8A83F /* LabelWithInsets.swift */ = {isa = PBXFileReference; lastKnownFileType = sourcecode.swift; path = LabelWithInsets.swift; sourceTree = "<group>"; };
		AA51A92321AB593400A8A83F /* CharacterExtension.swift */ = {isa = PBXFileReference; lastKnownFileType = sourcecode.swift; path = CharacterExtension.swift; sourceTree = "<group>"; };
		AA51A92521AC120C00A8A83F /* MakeSafeUrl.swift */ = {isa = PBXFileReference; lastKnownFileType = sourcecode.swift; path = MakeSafeUrl.swift; sourceTree = "<group>"; };
		AA6ED2E021B6CE4D006F4411 /* ChartXAxisValueFormatter.swift */ = {isa = PBXFileReference; lastKnownFileType = sourcecode.swift; path = ChartXAxisValueFormatter.swift; sourceTree = "<group>"; };
		AA6ED2E221B6D3E3006F4411 /* CoinSearchCollectionViewController.swift */ = {isa = PBXFileReference; lastKnownFileType = sourcecode.swift; path = CoinSearchCollectionViewController.swift; sourceTree = "<group>"; };
		AA6ED2E421B6D4DE006F4411 /* FlatCurrencyCollectionViewCell.swift */ = {isa = PBXFileReference; lastKnownFileType = sourcecode.swift; path = FlatCurrencyCollectionViewCell.swift; sourceTree = "<group>"; };
		AA6ED2E621B6D69E006F4411 /* ClearConstraints.swift */ = {isa = PBXFileReference; lastKnownFileType = sourcecode.swift; path = ClearConstraints.swift; sourceTree = "<group>"; };
		AA71064321AB067D0036067D /* Stock App.app */ = {isa = PBXFileReference; explicitFileType = wrapper.application; includeInIndex = 0; path = "Stock App.app"; sourceTree = BUILT_PRODUCTS_DIR; };
		AA71064621AB067D0036067D /* AppDelegate.swift */ = {isa = PBXFileReference; lastKnownFileType = sourcecode.swift; path = AppDelegate.swift; sourceTree = "<group>"; };
		AA71064B21AB067D0036067D /* Base */ = {isa = PBXFileReference; lastKnownFileType = file.storyboard; name = Base; path = Base.lproj/Main.storyboard; sourceTree = "<group>"; };
		AA71064E21AB067D0036067D /* Stock_App.xcdatamodel */ = {isa = PBXFileReference; lastKnownFileType = wrapper.xcdatamodel; path = Stock_App.xcdatamodel; sourceTree = "<group>"; };
		AA71065021AB067F0036067D /* Assets.xcassets */ = {isa = PBXFileReference; lastKnownFileType = folder.assetcatalog; path = Assets.xcassets; sourceTree = "<group>"; };
		AA71065321AB067F0036067D /* Base */ = {isa = PBXFileReference; lastKnownFileType = file.storyboard; name = Base; path = Base.lproj/LaunchScreen.storyboard; sourceTree = "<group>"; };
		AA71065521AB067F0036067D /* Info.plist */ = {isa = PBXFileReference; lastKnownFileType = text.plist.xml; path = Info.plist; sourceTree = "<group>"; };
		AA71065B21AB08690036067D /* NewsItem.swift */ = {isa = PBXFileReference; lastKnownFileType = sourcecode.swift; path = NewsItem.swift; sourceTree = "<group>"; };
		AAB1579721AB237E0048966A /* NewsCollectionViewCell.swift */ = {isa = PBXFileReference; lastKnownFileType = sourcecode.swift; path = NewsCollectionViewCell.swift; sourceTree = "<group>"; };
		AAB1579D21AB23CF0048966A /* Anchoring.swift */ = {isa = PBXFileReference; lastKnownFileType = sourcecode.swift; path = Anchoring.swift; sourceTree = "<group>"; };
		AAB1579F21AB240C0048966A /* NewsCollectionViewController.swift */ = {isa = PBXFileReference; lastKnownFileType = sourcecode.swift; path = NewsCollectionViewController.swift; sourceTree = "<group>"; };
		AAB157A121AB250E0048966A /* CommonTabBarController.swift */ = {isa = PBXFileReference; lastKnownFileType = sourcecode.swift; path = CommonTabBarController.swift; sourceTree = "<group>"; };
		AAB157A321AB26B40048966A /* ShadowView.swift */ = {isa = PBXFileReference; lastKnownFileType = sourcecode.swift; path = ShadowView.swift; sourceTree = "<group>"; };
		AAB157A521AB27940048966A /* Colors.swift */ = {isa = PBXFileReference; lastKnownFileType = sourcecode.swift; path = Colors.swift; sourceTree = "<group>"; };
		AAB157A821AB316B0048966A /* APIHelper.swift */ = {isa = PBXFileReference; lastKnownFileType = sourcecode.swift; path = APIHelper.swift; sourceTree = "<group>"; };
		AAB157AA21AB37A50048966A /* ImageDownloading.swift */ = {isa = PBXFileReference; lastKnownFileType = sourcecode.swift; path = ImageDownloading.swift; sourceTree = "<group>"; };
		AAE7FF4821B433E500CDD1A6 /* CurrencyCollectionViewCell.swift */ = {isa = PBXFileReference; lastKnownFileType = sourcecode.swift; path = CurrencyCollectionViewCell.swift; sourceTree = "<group>"; };
		AAE7FF4A21B43C0600CDD1A6 /* CoinsNames.swift */ = {isa = PBXFileReference; lastKnownFileType = sourcecode.swift; path = CoinsNames.swift; sourceTree = "<group>"; };
		AAE7FF4C21B43E0F00CDD1A6 /* CurrentTimeStamp.swift */ = {isa = PBXFileReference; lastKnownFileType = sourcecode.swift; path = CurrentTimeStamp.swift; sourceTree = "<group>"; };
		B583595EF11E4FC436EE022D /* Pods_Stock_App.framework */ = {isa = PBXFileReference; explicitFileType = wrapper.framework; includeInIndex = 0; path = Pods_Stock_App.framework; sourceTree = BUILT_PRODUCTS_DIR; };
/* End PBXFileReference section */

/* Begin PBXFrameworksBuildPhase section */
		AA71064021AB067D0036067D /* Frameworks */ = {
			isa = PBXFrameworksBuildPhase;
			buildActionMask = 2147483647;
			files = (
				5A2F3A30637EF8B35645CA31 /* Pods_Stock_App.framework in Frameworks */,
			);
			runOnlyForDeploymentPostprocessing = 0;
		};
/* End PBXFrameworksBuildPhase section */

/* Begin PBXGroup section */
		A6888C962B601B60499AA02D /* Pods */ = {
			isa = PBXGroup;
			children = (
				22A549A448995DCFDD0FAF36 /* Pods-Stock App.debug.xcconfig */,
				397AC6BC3833AF3B8AC732F4 /* Pods-Stock App.release.xcconfig */,
			);
			name = Pods;
			sourceTree = "<group>";
		};
		AA71063A21AB067D0036067D = {
			isa = PBXGroup;
			children = (
				AA71064521AB067D0036067D /* Stock App */,
				AA71064421AB067D0036067D /* Products */,
				A6888C962B601B60499AA02D /* Pods */,
				E90C4A1CD9611E02B13F9BFB /* Frameworks */,
			);
			sourceTree = "<group>";
		};
		AA71064421AB067D0036067D /* Products */ = {
			isa = PBXGroup;
			children = (
				AA71064321AB067D0036067D /* Stock App.app */,
			);
			name = Products;
			sourceTree = "<group>";
		};
		AA71064521AB067D0036067D /* Stock App */ = {
			isa = PBXGroup;
			children = (
				AAB157A721AB30CF0048966A /* API */,
				AAB1579C21AB23A30048966A /* Extensions */,
				AAB1579B21AB23990048966A /* Controllers */,
				AAB1579A21AB238E0048966A /* Models */,
				AAB1579921AB23830048966A /* Views */,
				AA71064621AB067D0036067D /* AppDelegate.swift */,
				AA71064A21AB067D0036067D /* Main.storyboard */,
				AA71065021AB067F0036067D /* Assets.xcassets */,
				AA71065221AB067F0036067D /* LaunchScreen.storyboard */,
				AA71065521AB067F0036067D /* Info.plist */,
				AA71064D21AB067D0036067D /* Stock_App.xcdatamodeld */,
			);
			path = "Stock App";
			sourceTree = "<group>";
		};
		AAB1579921AB23830048966A /* Views */ = {
			isa = PBXGroup;
			children = (
				AAB1579721AB237E0048966A /* NewsCollectionViewCell.swift */,
				AAE7FF4821B433E500CDD1A6 /* CurrencyCollectionViewCell.swift */,
				AA6ED2E421B6D4DE006F4411 /* FlatCurrencyCollectionViewCell.swift */,
				AA46153621B7AFF7005E093E /* DetailCoinCollectionViewCell.swift */,
				AA46153821B7B065005E093E /* ShadowCollectionViewCellBase.swift */,
				AA46153C21B809D0005E093E /* DetailCoinControllerHeader.swift */,
			);
			path = Views;
			sourceTree = "<group>";
		};
		AAB1579A21AB238E0048966A /* Models */ = {
			isa = PBXGroup;
			children = (
				AA71065B21AB08690036067D /* NewsItem.swift */,
				AA21538921ADD9C900BDF69C /* Coin.swift */,
			);
			path = Models;
			sourceTree = "<group>";
		};
		AAB1579B21AB23990048966A /* Controllers */ = {
			isa = PBXGroup;
			children = (
				AAB1579F21AB240C0048966A /* NewsCollectionViewController.swift */,
				AAB157A121AB250E0048966A /* CommonTabBarController.swift */,
				49A16705141FDD260F62AF26 /* MainCurrenciesController.swift */,
				AA6ED2E221B6D3E3006F4411 /* CoinSearchCollectionViewController.swift */,
				AA46153421B7AC9F005E093E /* CoinDetailsViewController.swift */,
			);
			path = Controllers;
			sourceTree = "<group>";
		};
		AAB1579C21AB23A30048966A /* Extensions */ = {
			isa = PBXGroup;
			children = (
				AAB1579D21AB23CF0048966A /* Anchoring.swift */,
				AAB157A321AB26B40048966A /* ShadowView.swift */,
				AAB157A521AB27940048966A /* Colors.swift */,
				AAB157AA21AB37A50048966A /* ImageDownloading.swift */,
				AA51A92121AB450F00A8A83F /* LabelWithInsets.swift */,
				AA51A92321AB593400A8A83F /* CharacterExtension.swift */,
				AA51A92521AC120C00A8A83F /* MakeSafeUrl.swift */,
				AAE7FF4A21B43C0600CDD1A6 /* CoinsNames.swift */,
				AAE7FF4C21B43E0F00CDD1A6 /* CurrentTimeStamp.swift */,
				AA6ED2E021B6CE4D006F4411 /* ChartXAxisValueFormatter.swift */,
				AA6ED2E621B6D69E006F4411 /* ClearConstraints.swift */,
				AA46153A21B7BD1B005E093E /* MMddDateFormatter.swift */,
			);
			path = Extensions;
			sourceTree = "<group>";
		};
		AAB157A721AB30CF0048966A /* API */ = {
			isa = PBXGroup;
			children = (
				AAB157A821AB316B0048966A /* APIHelper.swift */,
				AA21538721ADD80600BDF69C /* PoloniexAPIHelper.swift */,
			);
			path = API;
			sourceTree = "<group>";
		};
		E90C4A1CD9611E02B13F9BFB /* Frameworks */ = {
			isa = PBXGroup;
			children = (
				B583595EF11E4FC436EE022D /* Pods_Stock_App.framework */,
			);
			name = Frameworks;
			sourceTree = "<group>";
		};
/* End PBXGroup section */

/* Begin PBXNativeTarget section */
		AA71064221AB067D0036067D /* Stock App */ = {
			isa = PBXNativeTarget;
			buildConfigurationList = AA71065821AB067F0036067D /* Build configuration list for PBXNativeTarget "Stock App" */;
			buildPhases = (
				803C7ED5A67A6866BD9EB609 /* [CP] Check Pods Manifest.lock */,
				AA71063F21AB067D0036067D /* Sources */,
				AA71064021AB067D0036067D /* Frameworks */,
				AA71064121AB067D0036067D /* Resources */,
				63AC1B6848E613B19A40DF37 /* [CP] Embed Pods Frameworks */,
			);
			buildRules = (
			);
			dependencies = (
			);
			name = "Stock App";
			productName = "Stock App";
			productReference = AA71064321AB067D0036067D /* Stock App.app */;
			productType = "com.apple.product-type.application";
		};
/* End PBXNativeTarget section */

/* Begin PBXProject section */
		AA71063B21AB067D0036067D /* Project object */ = {
			isa = PBXProject;
			attributes = {
				LastSwiftUpdateCheck = 1000;
				LastUpgradeCheck = 1000;
				ORGANIZATIONNAME = "Christian Benua";
				TargetAttributes = {
					AA71064221AB067D0036067D = {
						CreatedOnToolsVersion = 10.0;
					};
				};
			};
			buildConfigurationList = AA71063E21AB067D0036067D /* Build configuration list for PBXProject "Stock App" */;
			compatibilityVersion = "Xcode 9.3";
			developmentRegion = en;
			hasScannedForEncodings = 0;
			knownRegions = (
				en,
				Base,
			);
			mainGroup = AA71063A21AB067D0036067D;
			productRefGroup = AA71064421AB067D0036067D /* Products */;
			projectDirPath = "";
			projectRoot = "";
			targets = (
				AA71064221AB067D0036067D /* Stock App */,
			);
		};
/* End PBXProject section */

/* Begin PBXResourcesBuildPhase section */
		AA71064121AB067D0036067D /* Resources */ = {
			isa = PBXResourcesBuildPhase;
			buildActionMask = 2147483647;
			files = (
				AA71065421AB067F0036067D /* LaunchScreen.storyboard in Resources */,
				AA71065121AB067F0036067D /* Assets.xcassets in Resources */,
				AA71064C21AB067D0036067D /* Main.storyboard in Resources */,
			);
			runOnlyForDeploymentPostprocessing = 0;
		};
/* End PBXResourcesBuildPhase section */

/* Begin PBXShellScriptBuildPhase section */
		63AC1B6848E613B19A40DF37 /* [CP] Embed Pods Frameworks */ = {
			isa = PBXShellScriptBuildPhase;
			buildActionMask = 2147483647;
			files = (
			);
			inputFileListPaths = (
			);
			inputPaths = (
				"${SRCROOT}/Pods/Target Support Files/Pods-Stock App/Pods-Stock App-frameworks.sh",
				"${BUILT_PRODUCTS_DIR}/Alamofire/Alamofire.framework",
				"${BUILT_PRODUCTS_DIR}/Charts/Charts.framework",
				"${BUILT_PRODUCTS_DIR}/SDWebImage/SDWebImage.framework",
			);
			name = "[CP] Embed Pods Frameworks";
			outputFileListPaths = (
			);
			outputPaths = (
				"${TARGET_BUILD_DIR}/${FRAMEWORKS_FOLDER_PATH}/Alamofire.framework",
				"${TARGET_BUILD_DIR}/${FRAMEWORKS_FOLDER_PATH}/Charts.framework",
				"${TARGET_BUILD_DIR}/${FRAMEWORKS_FOLDER_PATH}/SDWebImage.framework",
			);
			runOnlyForDeploymentPostprocessing = 0;
			shellPath = /bin/sh;
			shellScript = "\"${SRCROOT}/Pods/Target Support Files/Pods-Stock App/Pods-Stock App-frameworks.sh\"\n";
			showEnvVarsInLog = 0;
		};
		803C7ED5A67A6866BD9EB609 /* [CP] Check Pods Manifest.lock */ = {
			isa = PBXShellScriptBuildPhase;
			buildActionMask = 2147483647;
			files = (
			);
			inputFileListPaths = (
			);
			inputPaths = (
				"${PODS_PODFILE_DIR_PATH}/Podfile.lock",
				"${PODS_ROOT}/Manifest.lock",
			);
			name = "[CP] Check Pods Manifest.lock";
			outputFileListPaths = (
			);
			outputPaths = (
				"$(DERIVED_FILE_DIR)/Pods-Stock App-checkManifestLockResult.txt",
			);
			runOnlyForDeploymentPostprocessing = 0;
			shellPath = /bin/sh;
			shellScript = "diff \"${PODS_PODFILE_DIR_PATH}/Podfile.lock\" \"${PODS_ROOT}/Manifest.lock\" > /dev/null\nif [ $? != 0 ] ; then\n    # print error to STDERR\n    echo \"error: The sandbox is not in sync with the Podfile.lock. Run 'pod install' or update your CocoaPods installation.\" >&2\n    exit 1\nfi\n# This output is used by Xcode 'outputs' to avoid re-running this script phase.\necho \"SUCCESS\" > \"${SCRIPT_OUTPUT_FILE_0}\"\n";
			showEnvVarsInLog = 0;
		};
/* End PBXShellScriptBuildPhase section */

/* Begin PBXSourcesBuildPhase section */
		AA71063F21AB067D0036067D /* Sources */ = {
			isa = PBXSourcesBuildPhase;
			buildActionMask = 2147483647;
			files = (
				AA51A92621AC120C00A8A83F /* MakeSafeUrl.swift in Sources */,
				AA46153921B7B065005E093E /* ShadowCollectionViewCellBase.swift in Sources */,
				AA51A92421AB593400A8A83F /* CharacterExtension.swift in Sources */,
				AA71064721AB067D0036067D /* AppDelegate.swift in Sources */,
				AA6ED2E121B6CE4D006F4411 /* ChartXAxisValueFormatter.swift in Sources */,
				AAB157A621AB27940048966A /* Colors.swift in Sources */,
				AAE7FF4D21B43E0F00CDD1A6 /* CurrentTimeStamp.swift in Sources */,
				AAB157AB21AB37A50048966A /* ImageDownloading.swift in Sources */,
				AA6ED2E321B6D3E3006F4411 /* CoinSearchCollectionViewController.swift in Sources */,
				AAB157A221AB250E0048966A /* CommonTabBarController.swift in Sources */,
				AAE7FF4921B433E600CDD1A6 /* CurrencyCollectionViewCell.swift in Sources */,
				AA71065C21AB08690036067D /* NewsItem.swift in Sources */,
				AAB1579E21AB23CF0048966A /* Anchoring.swift in Sources */,
				AAB157A421AB26B40048966A /* ShadowView.swift in Sources */,
				AAB157A021AB240C0048966A /* NewsCollectionViewController.swift in Sources */,
				AA71064F21AB067D0036067D /* Stock_App.xcdatamodeld in Sources */,
				AA21538821ADD80600BDF69C /* PoloniexAPIHelper.swift in Sources */,
				AA46153721B7AFF7005E093E /* DetailCoinCollectionViewCell.swift in Sources */,
				AA6ED2E721B6D69E006F4411 /* ClearConstraints.swift in Sources */,
				AA6ED2E521B6D4DE006F4411 /* FlatCurrencyCollectionViewCell.swift in Sources */,
				AAB157A921AB316B0048966A /* APIHelper.swift in Sources */,
				AAE7FF4B21B43C0600CDD1A6 /* CoinsNames.swift in Sources */,
				AA51A92221AB450F00A8A83F /* LabelWithInsets.swift in Sources */,
				AA21538A21ADD9C900BDF69C /* Coin.swift in Sources */,
				AA46153521B7AC9F005E093E /* CoinDetailsViewController.swift in Sources */,
				AA46153D21B809D0005E093E /* DetailCoinControllerHeader.swift in Sources */,
				AAB1579821AB237E0048966A /* NewsCollectionViewCell.swift in Sources */,
				AA46153B21B7BD1B005E093E /* MMddDateFormatter.swift in Sources */,
				49A16386EED28D401EC289A6 /* MainCurrenciesController.swift in Sources */,
			);
			runOnlyForDeploymentPostprocessing = 0;
		};
/* End PBXSourcesBuildPhase section */

/* Begin PBXVariantGroup section */
		AA71064A21AB067D0036067D /* Main.storyboard */ = {
			isa = PBXVariantGroup;
			children = (
				AA71064B21AB067D0036067D /* Base */,
			);
			name = Main.storyboard;
			sourceTree = "<group>";
		};
		AA71065221AB067F0036067D /* LaunchScreen.storyboard */ = {
			isa = PBXVariantGroup;
			children = (
				AA71065321AB067F0036067D /* Base */,
			);
			name = LaunchScreen.storyboard;
			sourceTree = "<group>";
		};
/* End PBXVariantGroup section */

/* Begin XCBuildConfiguration section */
		AA71065621AB067F0036067D /* Debug */ = {
			isa = XCBuildConfiguration;
			buildSettings = {
				ALWAYS_SEARCH_USER_PATHS = NO;
				CLANG_ANALYZER_NONNULL = YES;
				CLANG_ANALYZER_NUMBER_OBJECT_CONVERSION = YES_AGGRESSIVE;
				CLANG_CXX_LANGUAGE_STANDARD = "gnu++14";
				CLANG_CXX_LIBRARY = "libc++";
				CLANG_ENABLE_MODULES = YES;
				CLANG_ENABLE_OBJC_ARC = YES;
				CLANG_ENABLE_OBJC_WEAK = YES;
				CLANG_WARN_BLOCK_CAPTURE_AUTORELEASING = YES;
				CLANG_WARN_BOOL_CONVERSION = YES;
				CLANG_WARN_COMMA = YES;
				CLANG_WARN_CONSTANT_CONVERSION = YES;
				CLANG_WARN_DEPRECATED_OBJC_IMPLEMENTATIONS = YES;
				CLANG_WARN_DIRECT_OBJC_ISA_USAGE = YES_ERROR;
				CLANG_WARN_DOCUMENTATION_COMMENTS = YES;
				CLANG_WARN_EMPTY_BODY = YES;
				CLANG_WARN_ENUM_CONVERSION = YES;
				CLANG_WARN_INFINITE_RECURSION = YES;
				CLANG_WARN_INT_CONVERSION = YES;
				CLANG_WARN_NON_LITERAL_NULL_CONVERSION = YES;
				CLANG_WARN_OBJC_IMPLICIT_RETAIN_SELF = YES;
				CLANG_WARN_OBJC_LITERAL_CONVERSION = YES;
				CLANG_WARN_OBJC_ROOT_CLASS = YES_ERROR;
				CLANG_WARN_RANGE_LOOP_ANALYSIS = YES;
				CLANG_WARN_STRICT_PROTOTYPES = YES;
				CLANG_WARN_SUSPICIOUS_MOVE = YES;
				CLANG_WARN_UNGUARDED_AVAILABILITY = YES_AGGRESSIVE;
				CLANG_WARN_UNREACHABLE_CODE = YES;
				CLANG_WARN__DUPLICATE_METHOD_MATCH = YES;
				CODE_SIGN_IDENTITY = "iPhone Developer";
				COPY_PHASE_STRIP = NO;
				DEBUG_INFORMATION_FORMAT = dwarf;
				ENABLE_STRICT_OBJC_MSGSEND = YES;
				ENABLE_TESTABILITY = YES;
				GCC_C_LANGUAGE_STANDARD = gnu11;
				GCC_DYNAMIC_NO_PIC = NO;
				GCC_NO_COMMON_BLOCKS = YES;
				GCC_OPTIMIZATION_LEVEL = 0;
				GCC_PREPROCESSOR_DEFINITIONS = (
					"DEBUG=1",
					"$(inherited)",
				);
				GCC_WARN_64_TO_32_BIT_CONVERSION = YES;
				GCC_WARN_ABOUT_RETURN_TYPE = YES_ERROR;
				GCC_WARN_UNDECLARED_SELECTOR = YES;
				GCC_WARN_UNINITIALIZED_AUTOS = YES_AGGRESSIVE;
				GCC_WARN_UNUSED_FUNCTION = YES;
				GCC_WARN_UNUSED_VARIABLE = YES;
				IPHONEOS_DEPLOYMENT_TARGET = 12.0;
				MTL_ENABLE_DEBUG_INFO = INCLUDE_SOURCE;
				MTL_FAST_MATH = YES;
				ONLY_ACTIVE_ARCH = YES;
				SDKROOT = iphoneos;
				SWIFT_ACTIVE_COMPILATION_CONDITIONS = DEBUG;
				SWIFT_OPTIMIZATION_LEVEL = "-Onone";
			};
			name = Debug;
		};
		AA71065721AB067F0036067D /* Release */ = {
			isa = XCBuildConfiguration;
			buildSettings = {
				ALWAYS_SEARCH_USER_PATHS = NO;
				CLANG_ANALYZER_NONNULL = YES;
				CLANG_ANALYZER_NUMBER_OBJECT_CONVERSION = YES_AGGRESSIVE;
				CLANG_CXX_LANGUAGE_STANDARD = "gnu++14";
				CLANG_CXX_LIBRARY = "libc++";
				CLANG_ENABLE_MODULES = YES;
				CLANG_ENABLE_OBJC_ARC = YES;
				CLANG_ENABLE_OBJC_WEAK = YES;
				CLANG_WARN_BLOCK_CAPTURE_AUTORELEASING = YES;
				CLANG_WARN_BOOL_CONVERSION = YES;
				CLANG_WARN_COMMA = YES;
				CLANG_WARN_CONSTANT_CONVERSION = YES;
				CLANG_WARN_DEPRECATED_OBJC_IMPLEMENTATIONS = YES;
				CLANG_WARN_DIRECT_OBJC_ISA_USAGE = YES_ERROR;
				CLANG_WARN_DOCUMENTATION_COMMENTS = YES;
				CLANG_WARN_EMPTY_BODY = YES;
				CLANG_WARN_ENUM_CONVERSION = YES;
				CLANG_WARN_INFINITE_RECURSION = YES;
				CLANG_WARN_INT_CONVERSION = YES;
				CLANG_WARN_NON_LITERAL_NULL_CONVERSION = YES;
				CLANG_WARN_OBJC_IMPLICIT_RETAIN_SELF = YES;
				CLANG_WARN_OBJC_LITERAL_CONVERSION = YES;
				CLANG_WARN_OBJC_ROOT_CLASS = YES_ERROR;
				CLANG_WARN_RANGE_LOOP_ANALYSIS = YES;
				CLANG_WARN_STRICT_PROTOTYPES = YES;
				CLANG_WARN_SUSPICIOUS_MOVE = YES;
				CLANG_WARN_UNGUARDED_AVAILABILITY = YES_AGGRESSIVE;
				CLANG_WARN_UNREACHABLE_CODE = YES;
				CLANG_WARN__DUPLICATE_METHOD_MATCH = YES;
				CODE_SIGN_IDENTITY = "iPhone Developer";
				COPY_PHASE_STRIP = NO;
				DEBUG_INFORMATION_FORMAT = "dwarf-with-dsym";
				ENABLE_NS_ASSERTIONS = NO;
				ENABLE_STRICT_OBJC_MSGSEND = YES;
				GCC_C_LANGUAGE_STANDARD = gnu11;
				GCC_NO_COMMON_BLOCKS = YES;
				GCC_WARN_64_TO_32_BIT_CONVERSION = YES;
				GCC_WARN_ABOUT_RETURN_TYPE = YES_ERROR;
				GCC_WARN_UNDECLARED_SELECTOR = YES;
				GCC_WARN_UNINITIALIZED_AUTOS = YES_AGGRESSIVE;
				GCC_WARN_UNUSED_FUNCTION = YES;
				GCC_WARN_UNUSED_VARIABLE = YES;
				IPHONEOS_DEPLOYMENT_TARGET = 12.0;
				MTL_ENABLE_DEBUG_INFO = NO;
				MTL_FAST_MATH = YES;
				SDKROOT = iphoneos;
				SWIFT_COMPILATION_MODE = wholemodule;
				SWIFT_OPTIMIZATION_LEVEL = "-O";
				VALIDATE_PRODUCT = YES;
			};
			name = Release;
		};
		AA71065921AB067F0036067D /* Debug */ = {
			isa = XCBuildConfiguration;
			baseConfigurationReference = 22A549A448995DCFDD0FAF36 /* Pods-Stock App.debug.xcconfig */;
			buildSettings = {
				ASSETCATALOG_COMPILER_APPICON_NAME = AppIcon;
				CODE_SIGN_IDENTITY = "iPhone Developer";
				CODE_SIGN_STYLE = Automatic;
				DEVELOPMENT_TEAM = H3VR8LKG29;
				INFOPLIST_FILE = "Stock App/Info.plist";
				LD_RUNPATH_SEARCH_PATHS = (
					"$(inherited)",
					"@executable_path/Frameworks",
				);
				PRODUCT_BUNDLE_IDENTIFIER = "Chris.Stock-App";
				PRODUCT_NAME = "$(TARGET_NAME)";
				PROVISIONING_PROFILE_SPECIFIER = "";
				SWIFT_VERSION = 4.2;
				TARGETED_DEVICE_FAMILY = "1,2";
			};
			name = Debug;
		};
		AA71065A21AB067F0036067D /* Release */ = {
			isa = XCBuildConfiguration;
			baseConfigurationReference = 397AC6BC3833AF3B8AC732F4 /* Pods-Stock App.release.xcconfig */;
			buildSettings = {
				ASSETCATALOG_COMPILER_APPICON_NAME = AppIcon;
				CODE_SIGN_IDENTITY = "iPhone Developer";
				CODE_SIGN_STYLE = Automatic;
				DEVELOPMENT_TEAM = H3VR8LKG29;
				INFOPLIST_FILE = "Stock App/Info.plist";
				LD_RUNPATH_SEARCH_PATHS = (
					"$(inherited)",
					"@executable_path/Frameworks",
				);
				PRODUCT_BUNDLE_IDENTIFIER = "Chris.Stock-App";
				PRODUCT_NAME = "$(TARGET_NAME)";
				PROVISIONING_PROFILE_SPECIFIER = "";
				SWIFT_VERSION = 4.2;
				TARGETED_DEVICE_FAMILY = "1,2";
			};
			name = Release;
		};
/* End XCBuildConfiguration section */

/* Begin XCConfigurationList section */
		AA71063E21AB067D0036067D /* Build configuration list for PBXProject "Stock App" */ = {
			isa = XCConfigurationList;
			buildConfigurations = (
				AA71065621AB067F0036067D /* Debug */,
				AA71065721AB067F0036067D /* Release */,
			);
			defaultConfigurationIsVisible = 0;
			defaultConfigurationName = Release;
		};
		AA71065821AB067F0036067D /* Build configuration list for PBXNativeTarget "Stock App" */ = {
			isa = XCConfigurationList;
			buildConfigurations = (
				AA71065921AB067F0036067D /* Debug */,
				AA71065A21AB067F0036067D /* Release */,
			);
			defaultConfigurationIsVisible = 0;
			defaultConfigurationName = Release;
		};
/* End XCConfigurationList section */

/* Begin XCVersionGroup section */
		AA71064D21AB067D0036067D /* Stock_App.xcdatamodeld */ = {
			isa = XCVersionGroup;
			children = (
				AA71064E21AB067D0036067D /* Stock_App.xcdatamodel */,
			);
			currentVersion = AA71064E21AB067D0036067D /* Stock_App.xcdatamodel */;
			path = Stock_App.xcdatamodeld;
			sourceTree = "<group>";
			versionGroupType = wrapper.xcdatamodel;
		};
/* End XCVersionGroup section */
	};
	rootObject = AA71063B21AB067D0036067D /* Project object */;
}
